
Microsoft Visual Studio Solution File, Format Version 12.00
# Visual Studio Version 17
VisualStudioVersion = 17.14.36121.58 d17.14
MinimumVisualStudioVersion = 10.0.40219.1
Project("{8BC9CEB8-8B4A-11D0-8D11-00A0C91BC942}") = "CppCLR_WinFormsProjecttestGitHub", "CppCLR_WinFormsProjecttestGitHub\CppCLR_WinFormsProjecttestGitHub.vcxproj", "{6310FD9C-C6F8-414F-9F2B-30A90B788E64}"
EndProject
Global
	GlobalSection(SolutionConfigurationPlatforms) = preSolution
		Debug|x64 = Debug|x64
		Debug|x86 = Debug|x86
		Release|x64 = Release|x64
		Release|x86 = Release|x86
	EndGlobalSection
	GlobalSection(ProjectConfigurationPlatforms) = postSolution
		{6310FD9C-C6F8-414F-9F2B-30A90B788E64}.Debug|x64.ActiveCfg = Debug|x64
		{6310FD9C-C6F8-414F-9F2B-30A90B788E64}.Debug|x64.Build.0 = Debug|x64
		{6310FD9C-C6F8-414F-9F2B-30A90B788E64}.Debug|x86.ActiveCfg = Debug|Win32
		{6310FD9C-C6F8-414F-9F2B-30A90B788E64}.Debug|x86.Build.0 = Debug|Win32
		{6310FD9C-C6F8-414F-9F2B-30A90B788E64}.Release|x64.ActiveCfg = Release|x64
		{6310FD9C-C6F8-414F-9F2B-30A90B788E64}.Release|x64.Build.0 = Release|x64
		{6310FD9C-C6F8-414F-9F2B-30A90B788E64}.Release|x86.ActiveCfg = Release|Win32
		{6310FD9C-C6F8-414F-9F2B-30A90B788E64}.Release|x86.Build.0 = Release|Win32
	EndGlobalSection
	GlobalSection(SolutionProperties) = preSolution
		HideSolutionNode = FALSE
	EndGlobalSection
	GlobalSection(ExtensibilityGlobals) = postSolution
		SolutionGuid = {24433D9B-B6A8-476C-B495-C36744E0827A}
	EndGlobalSection
EndGlobal
